
Microsoft Visual Studio Solution File, Format Version 12.00
# Visual Studio 15
VisualStudioVersion = 15.0.28307.329
MinimumVisualStudioVersion = 10.0.40219.1
Project("{FAE04EC0-301F-11D3-BF4B-00C04F79EFBC}") = "OAuth.WebAPI", "OAuth.WebAPI\OAuth.WebAPI.csproj", "{B9D23368-FE28-4229-B1DD-1076836BC5CE}"
EndProject
Global
	GlobalSection(SolutionConfigurationPlatforms) = preSolution
		Debug|Any CPU = Debug|Any CPU
		Release|Any CPU = Release|Any CPU
	EndGlobalSection
	GlobalSection(ProjectConfigurationPlatforms) = postSolution
		{B9D23368-FE28-4229-B1DD-1076836BC5CE}.Debug|Any CPU.ActiveCfg = Debug|Any CPU
		{B9D23368-FE28-4229-B1DD-1076836BC5CE}.Debug|Any CPU.Build.0 = Debug|Any CPU
		{B9D23368-FE28-4229-B1DD-1076836BC5CE}.Release|Any CPU.ActiveCfg = Release|Any CPU
		{B9D23368-FE28-4229-B1DD-1076836BC5CE}.Release|Any CPU.Build.0 = Release|Any CPU
	EndGlobalSection
	GlobalSection(SolutionProperties) = preSolution
		HideSolutionNode = FALSE
	EndGlobalSection
	GlobalSection(ExtensibilityGlobals) = postSolution
		SolutionGuid = {1FCBAFB8-A018-4324-A495-634A7B6ADF9D}
	EndGlobalSection
EndGlobal
